
Microsoft Visual Studio Solution File, Format Version 12.00
# Visual Studio Version 17
VisualStudioVersion = 17.13.35931.197 d17.13
MinimumVisualStudioVersion = 10.0.40219.1
Project("{FAE04EC0-301F-11D3-BF4B-00C04F79EFBC}") = "app", "app\app.csproj", "{1D441AB9-90BF-4530-8869-526F3BC09657}"
EndProject
Global
	GlobalSection(SolutionConfigurationPlatforms) = preSolution
		Debug|Any CPU = Debug|Any CPU
		Release|Any CPU = Release|Any CPU
	EndGlobalSection
	GlobalSection(ProjectConfigurationPlatforms) = postSolution
		{1D441AB9-90BF-4530-8869-526F3BC09657}.Debug|Any CPU.ActiveCfg = Debug|Any CPU
		{1D441AB9-90BF-4530-8869-526F3BC09657}.Debug|Any CPU.Build.0 = Debug|Any CPU
		{1D441AB9-90BF-4530-8869-526F3BC09657}.Release|Any CPU.ActiveCfg = Release|Any CPU
		{1D441AB9-90BF-4530-8869-526F3BC09657}.Release|Any CPU.Build.0 = Release|Any CPU
	EndGlobalSection
	GlobalSection(SolutionProperties) = preSolution
		HideSolutionNode = FALSE
	EndGlobalSection
	GlobalSection(ExtensibilityGlobals) = postSolution
		SolutionGuid = {A66A5F25-6045-449F-823E-1B0A9A26AFBD}
	EndGlobalSection
EndGlobal
