
Microsoft Visual Studio Solution File, Format Version 12.00
# Visual Studio Version 17
VisualStudioVersion = 17.13.35931.197 d17.13
MinimumVisualStudioVersion = 10.0.40219.1
Project("{FAE04EC0-301F-11D3-BF4B-00C04F79EFBC}") = "ConsoleApp1", "ConsoleApp1\ConsoleApp1.csproj", "{DA6752EB-8E3C-40A1-A0E2-F85A4C9BE2EB}"
EndProject
Global
	GlobalSection(SolutionConfigurationPlatforms) = preSolution
		Debug|Any CPU = Debug|Any CPU
		Release|Any CPU = Release|Any CPU
	EndGlobalSection
	GlobalSection(ProjectConfigurationPlatforms) = postSolution
		{DA6752EB-8E3C-40A1-A0E2-F85A4C9BE2EB}.Debug|Any CPU.ActiveCfg = Debug|Any CPU
		{DA6752EB-8E3C-40A1-A0E2-F85A4C9BE2EB}.Debug|Any CPU.Build.0 = Debug|Any CPU
		{DA6752EB-8E3C-40A1-A0E2-F85A4C9BE2EB}.Release|Any CPU.ActiveCfg = Release|Any CPU
		{DA6752EB-8E3C-40A1-A0E2-F85A4C9BE2EB}.Release|Any CPU.Build.0 = Release|Any CPU
	EndGlobalSection
	GlobalSection(SolutionProperties) = preSolution
		HideSolutionNode = FALSE
	EndGlobalSection
	GlobalSection(ExtensibilityGlobals) = postSolution
		SolutionGuid = {ED546C72-FA0E-4119-83B9-5C0C5CFC212D}
	EndGlobalSection
EndGlobal
